github.com/Lednerb/bilberry-hugo-theme v1.0.1 h1:KifMfR4SPyWdRh2TMjgxS/o4kybLmBP1csSdFa788xY=
github.com/Lednerb/bilberry-hugo-theme v1.0.1/go.mod h1:dKE4twulJFrdgpUgcNI1NrzjJL2V4p1+xwjVZD1wuEE=
github.com/Lednerb/bilberry-hugo-theme/v4 v4.0.5 h1:w/pegFBjtIRvj5CEfwIfUUmWrZndMNuiHytk6Kc19hw=
github.com/Lednerb/bilberry-hugo-theme/v4 v4.0.5/go.mod h1:EuKUIrQ8i/a2uxVuqZiUUK7FuoKsJ4UcolM1FYmLewM=
github.com/adityatelange/hugo-PaperMod v0.0.0-20230826144857-efe4cb45161b h1:eLMvFFfTaW5oGnamkeSsbxxgVF74vDaZfGdXMmkkAPA=
github.com/adityatelange/hugo-PaperMod v0.0.0-20230826144857-efe4cb45161b/go.mod h1:HCHxNMKYdGafUYjVV3ICiAqznZK2yH0iI53jqcDFDdQ=
